
Microsoft Visual Studio Solution File, Format Version 12.00
# Visual Studio 15
VisualStudioVersion = 15.0.28010.2016
MinimumVisualStudioVersion = 10.0.40219.1
Project("{2150E333-8FDC-42A3-9474-1A3956D46DE8}") = "Feature", "Feature", "{9ACE5333-F72C-45EA-8F49-EABA2A07AFA0}"
EndProject
Project("{2150E333-8FDC-42A3-9474-1A3956D46DE8}") = "Foundation", "Foundation", "{6143C910-A76C-469E-B02E-678084BF7B15}"
EndProject
Project("{2150E333-8FDC-42A3-9474-1A3956D46DE8}") = "Project", "Project", "{2FDC7EF7-0D85-4B39-B41D-BD76CEE1B311}"
EndProject
Project("{FAE04EC0-301F-11D3-BF4B-00C04F79EFBC}") = "Point2Homes.Project.Website", "src\Project\Website\code\Point2Homes.Project.Website.csproj", "{F81913D5-C7E2-4BEC-BF05-70E432D3A575}"
EndProject
Project("{2150E333-8FDC-42A3-9474-1A3956D46DE8}") = "DependencyInjection", "DependencyInjection", "{FB437517-6711-45F4-B910-698BEEA4FA70}"
EndProject
Project("{FAE04EC0-301F-11D3-BF4B-00C04F79EFBC}") = "Point2Homes.Foundation.DependencyInjection", "src\Foundation\DependencyInjection\code\Point2Homes.Foundation.DependencyInjection.csproj", "{89285B37-C495-4BB4-9659-19C0E3ADC80A}"
EndProject
Project("{2150E333-8FDC-42A3-9474-1A3956D46DE8}") = "Header", "Header", "{17D727D3-9AA2-42F4-80BA-2A1456ECA7D7}"
EndProject
Project("{FAE04EC0-301F-11D3-BF4B-00C04F79EFBC}") = "Point2Homes.Feature.Header", "src\Feature\Header\code\Point2Homes.Feature.Header.csproj", "{604207FC-9FB4-4762-89C6-B735C600ACF8}"
EndProject
Project("{2150E333-8FDC-42A3-9474-1A3956D46DE8}") = "Footer", "Footer", "{8543EEC2-B435-4F35-88F0-01233B5293CF}"
EndProject
Project("{FAE04EC0-301F-11D3-BF4B-00C04F79EFBC}") = "Point2Homes.Feature.Footer", "src\Feature\Footer\code\Point2Homes.Feature.Footer.csproj", "{DF61B065-82DE-4E22-8A56-3221CF6BB3BA}"
EndProject
Project("{2150E333-8FDC-42A3-9474-1A3956D46DE8}") = "Extensions", "Extensions", "{0C8219FC-EC46-4145-B89D-CF34EC89A336}"
EndProject
Project("{FAE04EC0-301F-11D3-BF4B-00C04F79EFBC}") = "Point2Homes.Foundation.Extensions", "src\Foundation\Extensions\code\Point2Homes.Foundation.Extensions.csproj", "{B760AE19-E64A-431D-B9FA-60339FEC19BC}"
EndProject
Project("{2150E333-8FDC-42A3-9474-1A3956D46DE8}") = "Corossel", "Corossel", "{E1EF0822-4870-4246-A1D7-A5ADA33A9001}"
EndProject
Project("{FAE04EC0-301F-11D3-BF4B-00C04F79EFBC}") = "Point2Homes.Feature.Corossel", "src\Feature\Corossel\code\Point2Homes.Feature.Corossel.csproj", "{2F444E21-02FE-4696-A98C-D3242A1D6191}"
EndProject
Project("{2150E333-8FDC-42A3-9474-1A3956D46DE8}") = "About", "About", "{C6A323C8-717E-4D12-B76B-C3339817A67C}"
EndProject
Project("{FAE04EC0-301F-11D3-BF4B-00C04F79EFBC}") = "Point2Homes.Feature.About", "src\Feature\About\code\Point2Homes.Feature.About.csproj", "{6D703EA4-98E4-4AB8-9E45-EB1E058A1959}"
EndProject
Global
	GlobalSection(SolutionConfigurationPlatforms) = preSolution
		Debug|Any CPU = Debug|Any CPU
		Release|Any CPU = Release|Any CPU
	EndGlobalSection
	GlobalSection(ProjectConfigurationPlatforms) = postSolution
		{F81913D5-C7E2-4BEC-BF05-70E432D3A575}.Debug|Any CPU.ActiveCfg = Debug|Any CPU
		{F81913D5-C7E2-4BEC-BF05-70E432D3A575}.Debug|Any CPU.Build.0 = Debug|Any CPU
		{F81913D5-C7E2-4BEC-BF05-70E432D3A575}.Release|Any CPU.ActiveCfg = Release|Any CPU
		{F81913D5-C7E2-4BEC-BF05-70E432D3A575}.Release|Any CPU.Build.0 = Release|Any CPU
		{89285B37-C495-4BB4-9659-19C0E3ADC80A}.Debug|Any CPU.ActiveCfg = Debug|Any CPU
		{89285B37-C495-4BB4-9659-19C0E3ADC80A}.Debug|Any CPU.Build.0 = Debug|Any CPU
		{89285B37-C495-4BB4-9659-19C0E3ADC80A}.Release|Any CPU.ActiveCfg = Release|Any CPU
		{89285B37-C495-4BB4-9659-19C0E3ADC80A}.Release|Any CPU.Build.0 = Release|Any CPU
		{604207FC-9FB4-4762-89C6-B735C600ACF8}.Debug|Any CPU.ActiveCfg = Debug|Any CPU
		{604207FC-9FB4-4762-89C6-B735C600ACF8}.Debug|Any CPU.Build.0 = Debug|Any CPU
		{604207FC-9FB4-4762-89C6-B735C600ACF8}.Release|Any CPU.ActiveCfg = Release|Any CPU
		{604207FC-9FB4-4762-89C6-B735C600ACF8}.Release|Any CPU.Build.0 = Release|Any CPU
		{DF61B065-82DE-4E22-8A56-3221CF6BB3BA}.Debug|Any CPU.ActiveCfg = Debug|Any CPU
		{DF61B065-82DE-4E22-8A56-3221CF6BB3BA}.Debug|Any CPU.Build.0 = Debug|Any CPU
		{DF61B065-82DE-4E22-8A56-3221CF6BB3BA}.Release|Any CPU.ActiveCfg = Release|Any CPU
		{DF61B065-82DE-4E22-8A56-3221CF6BB3BA}.Release|Any CPU.Build.0 = Release|Any CPU
		{B760AE19-E64A-431D-B9FA-60339FEC19BC}.Debug|Any CPU.ActiveCfg = Debug|Any CPU
		{B760AE19-E64A-431D-B9FA-60339FEC19BC}.Debug|Any CPU.Build.0 = Debug|Any CPU
		{B760AE19-E64A-431D-B9FA-60339FEC19BC}.Release|Any CPU.ActiveCfg = Release|Any CPU
		{B760AE19-E64A-431D-B9FA-60339FEC19BC}.Release|Any CPU.Build.0 = Release|Any CPU
		{2F444E21-02FE-4696-A98C-D3242A1D6191}.Debug|Any CPU.ActiveCfg = Debug|Any CPU
		{2F444E21-02FE-4696-A98C-D3242A1D6191}.Debug|Any CPU.Build.0 = Debug|Any CPU
		{2F444E21-02FE-4696-A98C-D3242A1D6191}.Release|Any CPU.ActiveCfg = Release|Any CPU
		{2F444E21-02FE-4696-A98C-D3242A1D6191}.Release|Any CPU.Build.0 = Release|Any CPU
		{6D703EA4-98E4-4AB8-9E45-EB1E058A1959}.Debug|Any CPU.ActiveCfg = Debug|Any CPU
		{6D703EA4-98E4-4AB8-9E45-EB1E058A1959}.Debug|Any CPU.Build.0 = Debug|Any CPU
		{6D703EA4-98E4-4AB8-9E45-EB1E058A1959}.Release|Any CPU.ActiveCfg = Release|Any CPU
		{6D703EA4-98E4-4AB8-9E45-EB1E058A1959}.Release|Any CPU.Build.0 = Release|Any CPU
	EndGlobalSection
	GlobalSection(SolutionProperties) = preSolution
		HideSolutionNode = FALSE
	EndGlobalSection
	GlobalSection(NestedProjects) = preSolution
		{F81913D5-C7E2-4BEC-BF05-70E432D3A575} = {2FDC7EF7-0D85-4B39-B41D-BD76CEE1B311}
		{FB437517-6711-45F4-B910-698BEEA4FA70} = {6143C910-A76C-469E-B02E-678084BF7B15}
		{89285B37-C495-4BB4-9659-19C0E3ADC80A} = {FB437517-6711-45F4-B910-698BEEA4FA70}
		{17D727D3-9AA2-42F4-80BA-2A1456ECA7D7} = {9ACE5333-F72C-45EA-8F49-EABA2A07AFA0}
		{604207FC-9FB4-4762-89C6-B735C600ACF8} = {17D727D3-9AA2-42F4-80BA-2A1456ECA7D7}
		{8543EEC2-B435-4F35-88F0-01233B5293CF} = {9ACE5333-F72C-45EA-8F49-EABA2A07AFA0}
		{DF61B065-82DE-4E22-8A56-3221CF6BB3BA} = {8543EEC2-B435-4F35-88F0-01233B5293CF}
		{0C8219FC-EC46-4145-B89D-CF34EC89A336} = {6143C910-A76C-469E-B02E-678084BF7B15}
		{B760AE19-E64A-431D-B9FA-60339FEC19BC} = {0C8219FC-EC46-4145-B89D-CF34EC89A336}
		{E1EF0822-4870-4246-A1D7-A5ADA33A9001} = {9ACE5333-F72C-45EA-8F49-EABA2A07AFA0}
		{2F444E21-02FE-4696-A98C-D3242A1D6191} = {E1EF0822-4870-4246-A1D7-A5ADA33A9001}
		{C6A323C8-717E-4D12-B76B-C3339817A67C} = {9ACE5333-F72C-45EA-8F49-EABA2A07AFA0}
		{6D703EA4-98E4-4AB8-9E45-EB1E058A1959} = {C6A323C8-717E-4D12-B76B-C3339817A67C}
	EndGlobalSection
	GlobalSection(ExtensibilityGlobals) = postSolution
		SolutionGuid = {2904D6BB-EC3F-478E-B6EA-C43481533EEA}
	EndGlobalSection
EndGlobal
