
Microsoft Visual Studio Solution File, Format Version 12.00
# Visual Studio 15
VisualStudioVersion = 15.0.28307.645
MinimumVisualStudioVersion = 10.0.40219.1
Project("{2150E333-8FDC-42A3-9474-1A3956D46DE8}") = "Feature", "Feature", "{B6EE8FB8-B7F2-4A41-94D4-C49DE289A2A1}"
EndProject
Project("{2150E333-8FDC-42A3-9474-1A3956D46DE8}") = "Foundation", "Foundation", "{D7B31B72-1965-4CBB-88E6-C2247E102F53}"
EndProject
Project("{2150E333-8FDC-42A3-9474-1A3956D46DE8}") = "Project", "Project", "{162339AE-13E7-4359-BE6E-B0720E04A69C}"
EndProject
Project("{FAE04EC0-301F-11D3-BF4B-00C04F79EFBC}") = "Helixsample.Project.Website", "Src\Project\Website\Code\Helixsample.Project.Website.csproj", "{6D197FAA-D259-4F4E-B576-557B91BE5989}"
EndProject
Project("{2150E333-8FDC-42A3-9474-1A3956D46DE8}") = "Content", "Content", "{0887D888-A9AE-4786-9C14-A0AAFB66AD67}"
EndProject
Project("{FAE04EC0-301F-11D3-BF4B-00C04F79EFBC}") = "Helixsample.Feature.Content", "Src\Feature\Content\Code\Helixsample.Feature.Content.csproj", "{9EF6CD6E-F1DA-46F6-B4A9-FB36AFC7A515}"
EndProject
Project("{2150E333-8FDC-42A3-9474-1A3956D46DE8}") = "Header", "Header", "{7F1C6963-E8B6-42A6-825C-6FF0B75DE62E}"
EndProject
Project("{2150E333-8FDC-42A3-9474-1A3956D46DE8}") = "Footer", "Footer", "{C944DBDA-6BAA-4326-8861-A4D5B4214FA0}"
EndProject
Project("{FAE04EC0-301F-11D3-BF4B-00C04F79EFBC}") = "Helixsample.Feature.Footer", "Src\Feature\Footer\Code\Helixsample.Feature.Footer.csproj", "{067CD8E4-D1AA-4153-8807-55556CC59485}"
EndProject
Project("{FAE04EC0-301F-11D3-BF4B-00C04F79EFBC}") = "Helixsample.Feature.Header", "Src\Feature\Header\Code\Helixsample.Feature.Header.csproj", "{CD70CF16-D45E-4613-8137-61A06643EE5B}"
EndProject
Project("{2150E333-8FDC-42A3-9474-1A3956D46DE8}") = "Carousel", "Carousel", "{52520E80-474F-49E8-B3B7-BA19552B5A04}"
EndProject
Project("{FAE04EC0-301F-11D3-BF4B-00C04F79EFBC}") = "Helixsample.Feature.Carousel", "Src\Feature\Carousel\Code\Helixsample.Feature.Carousel.csproj", "{4D053D4B-C2AA-43F4-9E6C-006D6AECCAEE}"
EndProject
Project("{2150E333-8FDC-42A3-9474-1A3956D46DE8}") = "Navbar", "Navbar", "{2F58BA10-807C-4473-8103-EEC5A937C005}"
EndProject
Project("{FAE04EC0-301F-11D3-BF4B-00C04F79EFBC}") = "Helixsample.Feature.Navbar", "Src\Feature\Navbar\Code\Helixsample.Feature.Navbar.csproj", "{D0774511-F02A-4F0B-9858-8D8F85D228F2}"
EndProject
Project("{2150E333-8FDC-42A3-9474-1A3956D46DE8}") = "IHeadline", "IHeadline", "{30500981-4EAA-4BD4-AFB5-24823F77192F}"
EndProject
Project("{FAE04EC0-301F-11D3-BF4B-00C04F79EFBC}") = "Helixsample.Feature.IHeadline", "Src\Feature\IHeadline\Code\Helixsample.Feature.IHeadline.csproj", "{BF0A66F2-BBAF-4722-A91F-57AB41D50368}"
EndProject
Global
	GlobalSection(SolutionConfigurationPlatforms) = preSolution
		Debug|Any CPU = Debug|Any CPU
		Release|Any CPU = Release|Any CPU
	EndGlobalSection
	GlobalSection(ProjectConfigurationPlatforms) = postSolution
		{6D197FAA-D259-4F4E-B576-557B91BE5989}.Debug|Any CPU.ActiveCfg = Debug|Any CPU
		{6D197FAA-D259-4F4E-B576-557B91BE5989}.Debug|Any CPU.Build.0 = Debug|Any CPU
		{6D197FAA-D259-4F4E-B576-557B91BE5989}.Release|Any CPU.ActiveCfg = Release|Any CPU
		{6D197FAA-D259-4F4E-B576-557B91BE5989}.Release|Any CPU.Build.0 = Release|Any CPU
		{9EF6CD6E-F1DA-46F6-B4A9-FB36AFC7A515}.Debug|Any CPU.ActiveCfg = Debug|Any CPU
		{9EF6CD6E-F1DA-46F6-B4A9-FB36AFC7A515}.Debug|Any CPU.Build.0 = Debug|Any CPU
		{9EF6CD6E-F1DA-46F6-B4A9-FB36AFC7A515}.Release|Any CPU.ActiveCfg = Release|Any CPU
		{9EF6CD6E-F1DA-46F6-B4A9-FB36AFC7A515}.Release|Any CPU.Build.0 = Release|Any CPU
		{067CD8E4-D1AA-4153-8807-55556CC59485}.Debug|Any CPU.ActiveCfg = Debug|Any CPU
		{067CD8E4-D1AA-4153-8807-55556CC59485}.Debug|Any CPU.Build.0 = Debug|Any CPU
		{067CD8E4-D1AA-4153-8807-55556CC59485}.Release|Any CPU.ActiveCfg = Release|Any CPU
		{067CD8E4-D1AA-4153-8807-55556CC59485}.Release|Any CPU.Build.0 = Release|Any CPU
		{CD70CF16-D45E-4613-8137-61A06643EE5B}.Debug|Any CPU.ActiveCfg = Debug|Any CPU
		{CD70CF16-D45E-4613-8137-61A06643EE5B}.Debug|Any CPU.Build.0 = Debug|Any CPU
		{CD70CF16-D45E-4613-8137-61A06643EE5B}.Release|Any CPU.ActiveCfg = Release|Any CPU
		{CD70CF16-D45E-4613-8137-61A06643EE5B}.Release|Any CPU.Build.0 = Release|Any CPU
		{4D053D4B-C2AA-43F4-9E6C-006D6AECCAEE}.Debug|Any CPU.ActiveCfg = Debug|Any CPU
		{4D053D4B-C2AA-43F4-9E6C-006D6AECCAEE}.Debug|Any CPU.Build.0 = Debug|Any CPU
		{4D053D4B-C2AA-43F4-9E6C-006D6AECCAEE}.Release|Any CPU.ActiveCfg = Release|Any CPU
		{4D053D4B-C2AA-43F4-9E6C-006D6AECCAEE}.Release|Any CPU.Build.0 = Release|Any CPU
		{D0774511-F02A-4F0B-9858-8D8F85D228F2}.Debug|Any CPU.ActiveCfg = Debug|Any CPU
		{D0774511-F02A-4F0B-9858-8D8F85D228F2}.Debug|Any CPU.Build.0 = Debug|Any CPU
		{D0774511-F02A-4F0B-9858-8D8F85D228F2}.Release|Any CPU.ActiveCfg = Release|Any CPU
		{D0774511-F02A-4F0B-9858-8D8F85D228F2}.Release|Any CPU.Build.0 = Release|Any CPU
		{BF0A66F2-BBAF-4722-A91F-57AB41D50368}.Debug|Any CPU.ActiveCfg = Debug|Any CPU
		{BF0A66F2-BBAF-4722-A91F-57AB41D50368}.Debug|Any CPU.Build.0 = Debug|Any CPU
		{BF0A66F2-BBAF-4722-A91F-57AB41D50368}.Release|Any CPU.ActiveCfg = Release|Any CPU
		{BF0A66F2-BBAF-4722-A91F-57AB41D50368}.Release|Any CPU.Build.0 = Release|Any CPU
	EndGlobalSection
	GlobalSection(SolutionProperties) = preSolution
		HideSolutionNode = FALSE
	EndGlobalSection
	GlobalSection(NestedProjects) = preSolution
		{6D197FAA-D259-4F4E-B576-557B91BE5989} = {162339AE-13E7-4359-BE6E-B0720E04A69C}
		{0887D888-A9AE-4786-9C14-A0AAFB66AD67} = {B6EE8FB8-B7F2-4A41-94D4-C49DE289A2A1}
		{9EF6CD6E-F1DA-46F6-B4A9-FB36AFC7A515} = {0887D888-A9AE-4786-9C14-A0AAFB66AD67}
		{7F1C6963-E8B6-42A6-825C-6FF0B75DE62E} = {B6EE8FB8-B7F2-4A41-94D4-C49DE289A2A1}
		{C944DBDA-6BAA-4326-8861-A4D5B4214FA0} = {B6EE8FB8-B7F2-4A41-94D4-C49DE289A2A1}
		{067CD8E4-D1AA-4153-8807-55556CC59485} = {C944DBDA-6BAA-4326-8861-A4D5B4214FA0}
		{CD70CF16-D45E-4613-8137-61A06643EE5B} = {7F1C6963-E8B6-42A6-825C-6FF0B75DE62E}
		{52520E80-474F-49E8-B3B7-BA19552B5A04} = {B6EE8FB8-B7F2-4A41-94D4-C49DE289A2A1}
		{4D053D4B-C2AA-43F4-9E6C-006D6AECCAEE} = {52520E80-474F-49E8-B3B7-BA19552B5A04}
		{2F58BA10-807C-4473-8103-EEC5A937C005} = {B6EE8FB8-B7F2-4A41-94D4-C49DE289A2A1}
		{D0774511-F02A-4F0B-9858-8D8F85D228F2} = {2F58BA10-807C-4473-8103-EEC5A937C005}
		{30500981-4EAA-4BD4-AFB5-24823F77192F} = {B6EE8FB8-B7F2-4A41-94D4-C49DE289A2A1}
		{BF0A66F2-BBAF-4722-A91F-57AB41D50368} = {30500981-4EAA-4BD4-AFB5-24823F77192F}
	EndGlobalSection
	GlobalSection(ExtensibilityGlobals) = postSolution
		SolutionGuid = {3E36F2E1-18D7-4B3D-A7D8-3F4F131CAC05}
	EndGlobalSection
EndGlobal
